
Microsoft Visual Studio Solution File, Format Version 12.00
# Visual Studio Version 16
VisualStudioVersion = 16.0.34601.136
MinimumVisualStudioVersion = 10.0.40219.1
Project("{FAE04EC0-301F-11D3-BF4B-00C04F79EFBC}") = "Assembly-CSharp", "Assembly-CSharp.csproj", "{2924030F-A811-A93F-F4FE-830C8EC6AC23}"
EndProject
Global
	GlobalSection(SolutionConfigurationPlatforms) = preSolution
		Debug|Any CPU = Debug|Any CPU
		Release|Any CPU = Release|Any CPU
	EndGlobalSection
	GlobalSection(ProjectConfigurationPlatforms) = postSolution
		{2924030F-A811-A93F-F4FE-830C8EC6AC23}.Debug|Any CPU.ActiveCfg = Debug|Any CPU
		{2924030F-A811-A93F-F4FE-830C8EC6AC23}.Debug|Any CPU.Build.0 = Debug|Any CPU
		{2924030F-A811-A93F-F4FE-830C8EC6AC23}.Release|Any CPU.ActiveCfg = Release|Any CPU
		{2924030F-A811-A93F-F4FE-830C8EC6AC23}.Release|Any CPU.Build.0 = Release|Any CPU
	EndGlobalSection
	GlobalSection(SolutionProperties) = preSolution
		HideSolutionNode = FALSE
	EndGlobalSection
	GlobalSection(ExtensibilityGlobals) = postSolution
		SolutionGuid = {E41AC8A2-3825-4C1F-91FF-4061E7BC5021}
	EndGlobalSection
EndGlobal
